// !$*UTF8*$!
{
	archiveVersion = 1;
	classes = {
	};
	objectVersion = 50;
	objects = {

/* Begin PBXBuildFile section */
		441DCC48257BFFDC0098FA63 /* AppDelegate.swift in Sources */ = {isa = PBXBuildFile; fileRef = 441DCC47257BFFDC0098FA63 /* AppDelegate.swift */; };
		441DCC4A257BFFDC0098FA63 /* SceneDelegate.swift in Sources */ = {isa = PBXBuildFile; fileRef = 441DCC49257BFFDC0098FA63 /* SceneDelegate.swift */; };
		441DCC4C257BFFDC0098FA63 /* ViewController.swift in Sources */ = {isa = PBXBuildFile; fileRef = 441DCC4B257BFFDC0098FA63 /* ViewController.swift */; };
		441DCC4F257BFFDC0098FA63 /* Main.storyboard in Resources */ = {isa = PBXBuildFile; fileRef = 441DCC4D257BFFDC0098FA63 /* Main.storyboard */; };
		441DCC51257BFFDD0098FA63 /* Assets.xcassets in Resources */ = {isa = PBXBuildFile; fileRef = 441DCC50257BFFDD0098FA63 /* Assets.xcassets */; };
		441DCC54257BFFDD0098FA63 /* LaunchScreen.storyboard in Resources */ = {isa = PBXBuildFile; fileRef = 441DCC52257BFFDD0098FA63 /* LaunchScreen.storyboard */; };
		442A3A53257C1402009A6EC4 /* CurrencyRate.swift in Sources */ = {isa = PBXBuildFile; fileRef = 442A3A52257C1402009A6EC4 /* CurrencyRate.swift */; };
/* End PBXBuildFile section */

/* Begin PBXFileReference section */
		441DCC44257BFFDC0098FA63 /* GuacChain.app */ = {isa = PBXFileReference; explicitFileType = wrapper.application; includeInIndex = 0; path = GuacChain.app; sourceTree = BUILT_PRODUCTS_DIR; };
		441DCC47257BFFDC0098FA63 /* AppDelegate.swift */ = {isa = PBXFileReference; lastKnownFileType = sourcecode.swift; path = AppDelegate.swift; sourceTree = "<group>"; };
		441DCC49257BFFDC0098FA63 /* SceneDelegate.swift */ = {isa = PBXFileReference; lastKnownFileType = sourcecode.swift; path = SceneDelegate.swift; sourceTree = "<group>"; };
		441DCC4B257BFFDC0098FA63 /* ViewController.swift */ = {isa = PBXFileReference; lastKnownFileType = sourcecode.swift; path = ViewController.swift; sourceTree = "<group>"; };
		441DCC4E257BFFDC0098FA63 /* Base */ = {isa = PBXFileReference; lastKnownFileType = file.storyboard; name = Base; path = Base.lproj/Main.storyboard; sourceTree = "<group>"; };
		441DCC50257BFFDD0098FA63 /* Assets.xcassets */ = {isa = PBXFileReference; lastKnownFileType = folder.assetcatalog; path = Assets.xcassets; sourceTree = "<group>"; };
		441DCC53257BFFDD0098FA63 /* Base */ = {isa = PBXFileReference; lastKnownFileType = file.storyboard; name = Base; path = Base.lproj/LaunchScreen.storyboard; sourceTree = "<group>"; };
		441DCC55257BFFDD0098FA63 /* Info.plist */ = {isa = PBXFileReference; lastKnownFileType = text.plist.xml; path = Info.plist; sourceTree = "<group>"; };
		442A3A52257C1402009A6EC4 /* CurrencyRate.swift */ = {isa = PBXFileReference; lastKnownFileType = sourcecode.swift; path = CurrencyRate.swift; sourceTree = "<group>"; };
/* End PBXFileReference section */

/* Begin PBXFrameworksBuildPhase section */
		441DCC41257BFFDC0098FA63 /* Frameworks */ = {
			isa = PBXFrameworksBuildPhase;
			buildActionMask = 2147483647;
			files = (
			);
			runOnlyForDeploymentPostprocessing = 0;
		};
/* End PBXFrameworksBuildPhase section */

/* Begin PBXGroup section */
		441DCC3B257BFFDC0098FA63 = {
			isa = PBXGroup;
			children = (
				441DCC46257BFFDC0098FA63 /* GuacChain */,
				441DCC45257BFFDC0098FA63 /* Products */,
			);
			sourceTree = "<group>";
		};
		441DCC45257BFFDC0098FA63 /* Products */ = {
			isa = PBXGroup;
			children = (
				441DCC44257BFFDC0098FA63 /* GuacChain.app */,
			);
			name = Products;
			sourceTree = "<group>";
		};
		441DCC46257BFFDC0098FA63 /* GuacChain */ = {
			isa = PBXGroup;
			children = (
				441DCC47257BFFDC0098FA63 /* AppDelegate.swift */,
				441DCC49257BFFDC0098FA63 /* SceneDelegate.swift */,
				442A3A52257C1402009A6EC4 /* CurrencyRate.swift */,
				441DCC4B257BFFDC0098FA63 /* ViewController.swift */,
				441DCC4D257BFFDC0098FA63 /* Main.storyboard */,
				441DCC50257BFFDD0098FA63 /* Assets.xcassets */,
				441DCC52257BFFDD0098FA63 /* LaunchScreen.storyboard */,
				441DCC55257BFFDD0098FA63 /* Info.plist */,
			);
			path = GuacChain;
			sourceTree = "<group>";
		};
/* End PBXGroup section */

/* Begin PBXNativeTarget section */
		441DCC43257BFFDC0098FA63 /* GuacChain */ = {
			isa = PBXNativeTarget;
			buildConfigurationList = 441DCC58257BFFDD0098FA63 /* Build configuration list for PBXNativeTarget "GuacChain" */;
			buildPhases = (
				441DCC40257BFFDC0098FA63 /* Sources */,
				441DCC41257BFFDC0098FA63 /* Frameworks */,
				441DCC42257BFFDC0098FA63 /* Resources */,
			);
			buildRules = (
			);
			dependencies = (
			);
			name = GuacChain;
			productName = GuacChain;
			productReference = 441DCC44257BFFDC0098FA63 /* GuacChain.app */;
			productType = "com.apple.product-type.application";
		};
/* End PBXNativeTarget section */

/* Begin PBXProject section */
		441DCC3C257BFFDC0098FA63 /* Project object */ = {
			isa = PBXProject;
			attributes = {
				LastSwiftUpdateCheck = 1220;
				LastUpgradeCheck = 1220;
				TargetAttributes = {
					441DCC43257BFFDC0098FA63 = {
						CreatedOnToolsVersion = 12.2;
					};
				};
			};
			buildConfigurationList = 441DCC3F257BFFDC0098FA63 /* Build configuration list for PBXProject "GuacChain" */;
			compatibilityVersion = "Xcode 9.3";
			developmentRegion = en;
			hasScannedForEncodings = 0;
			knownRegions = (
				en,
				Base,
			);
			mainGroup = 441DCC3B257BFFDC0098FA63;
			productRefGroup = 441DCC45257BFFDC0098FA63 /* Products */;
			projectDirPath = "";
			projectRoot = "";
			targets = (
				441DCC43257BFFDC0098FA63 /* GuacChain */,
			);
		};
/* End PBXProject section */

/* Begin PBXResourcesBuildPhase section */
		441DCC42257BFFDC0098FA63 /* Resources */ = {
			isa = PBXResourcesBuildPhase;
			buildActionMask = 2147483647;
			files = (
				441DCC54257BFFDD0098FA63 /* LaunchScreen.storyboard in Resources */,
				441DCC51257BFFDD0098FA63 /* Assets.xcassets in Resources */,
				441DCC4F257BFFDC0098FA63 /* Main.storyboard in Resources */,
			);
			runOnlyForDeploymentPostprocessing = 0;
		};
/* End PBXResourcesBuildPhase section */

/* Begin PBXSourcesBuildPhase section */
		441DCC40257BFFDC0098FA63 /* Sources */ = {
			isa = PBXSourcesBuildPhase;
			buildActionMask = 2147483647;
			files = (
				442A3A53257C1402009A6EC4 /* CurrencyRate.swift in Sources */,
				441DCC4C257BFFDC0098FA63 /* ViewController.swift in Sources */,
				441DCC48257BFFDC0098FA63 /* AppDelegate.swift in Sources */,
				441DCC4A257BFFDC0098FA63 /* SceneDelegate.swift in Sources */,
			);
			runOnlyForDeploymentPostprocessing = 0;
		};
/* End PBXSourcesBuildPhase section */

/* Begin PBXVariantGroup section */
		441DCC4D257BFFDC0098FA63 /* Main.storyboard */ = {
			isa = PBXVariantGroup;
			children = (
				441DCC4E257BFFDC0098FA63 /* Base */,
			);
			name = Main.storyboard;
			sourceTree = "<group>";
		};
		441DCC52257BFFDD0098FA63 /* LaunchScreen.storyboard */ = {
			isa = PBXVariantGroup;
			children = (
				441DCC53257BFFDD0098FA63 /* Base */,
			);
			name = LaunchScreen.storyboard;
			sourceTree = "<group>";
		};
/* End PBXVariantGroup section */

/* Begin XCBuildConfiguration section */
		441DCC56257BFFDD0098FA63 /* Debug */ = {
			isa = XCBuildConfiguration;
			buildSettings = {
				ALWAYS_SEARCH_USER_PATHS = NO;
				CLANG_ANALYZER_NONNULL = YES;
				CLANG_ANALYZER_NUMBER_OBJECT_CONVERSION = YES_AGGRESSIVE;
				CLANG_CXX_LANGUAGE_STANDARD = "gnu++14";
				CLANG_CXX_LIBRARY = "libc++";
				CLANG_ENABLE_MODULES = YES;
				CLANG_ENABLE_OBJC_ARC = YES;
				CLANG_ENABLE_OBJC_WEAK = YES;
				CLANG_WARN_BLOCK_CAPTURE_AUTORELEASING = YES;
				CLANG_WARN_BOOL_CONVERSION = YES;
				CLANG_WARN_COMMA = YES;
				CLANG_WARN_CONSTANT_CONVERSION = YES;
				CLANG_WARN_DEPRECATED_OBJC_IMPLEMENTATIONS = YES;
				CLANG_WARN_DIRECT_OBJC_ISA_USAGE = YES_ERROR;
				CLANG_WARN_DOCUMENTATION_COMMENTS = YES;
				CLANG_WARN_EMPTY_BODY = YES;
				CLANG_WARN_ENUM_CONVERSION = YES;
				CLANG_WARN_INFINITE_RECURSION = YES;
				CLANG_WARN_INT_CONVERSION = YES;
				CLANG_WARN_NON_LITERAL_NULL_CONVERSION = YES;
				CLANG_WARN_OBJC_IMPLICIT_RETAIN_SELF = YES;
				CLANG_WARN_OBJC_LITERAL_CONVERSION = YES;
				CLANG_WARN_OBJC_ROOT_CLASS = YES_ERROR;
				CLANG_WARN_QUOTED_INCLUDE_IN_FRAMEWORK_HEADER = YES;
				CLANG_WARN_RANGE_LOOP_ANALYSIS = YES;
				CLANG_WARN_STRICT_PROTOTYPES = YES;
				CLANG_WARN_SUSPICIOUS_MOVE = YES;
				CLANG_WARN_UNGUARDED_AVAILABILITY = YES_AGGRESSIVE;
				CLANG_WARN_UNREACHABLE_CODE = YES;
				CLANG_WARN__DUPLICATE_METHOD_MATCH = YES;
				COPY_PHASE_STRIP = NO;
				DEBUG_INFORMATION_FORMAT = dwarf;
				ENABLE_STRICT_OBJC_MSGSEND = YES;
				ENABLE_TESTABILITY = YES;
				GCC_C_LANGUAGE_STANDARD = gnu11;
				GCC_DYNAMIC_NO_PIC = NO;
				GCC_NO_COMMON_BLOCKS = YES;
				GCC_OPTIMIZATION_LEVEL = 0;
				GCC_PREPROCESSOR_DEFINITIONS = (
					"DEBUG=1",
					"$(inherited)",
				);
				GCC_WARN_64_TO_32_BIT_CONVERSION = YES;
				GCC_WARN_ABOUT_RETURN_TYPE = YES_ERROR;
				GCC_WARN_UNDECLARED_SELECTOR = YES;
				GCC_WARN_UNINITIALIZED_AUTOS = YES_AGGRESSIVE;
				GCC_WARN_UNUSED_FUNCTION = YES;
				GCC_WARN_UNUSED_VARIABLE = YES;
				IPHONEOS_DEPLOYMENT_TARGET = 14.2;
				MTL_ENABLE_DEBUG_INFO = INCLUDE_SOURCE;
				MTL_FAST_MATH = YES;
				ONLY_ACTIVE_ARCH = YES;
				SDKROOT = iphoneos;
				SWIFT_ACTIVE_COMPILATION_CONDITIONS = DEBUG;
				SWIFT_OPTIMIZATION_LEVEL = "-Onone";
			};
			name = Debug;
		};
		441DCC57257BFFDD0098FA63 /* Release */ = {
			isa = XCBuildConfiguration;
			buildSettings = {
				ALWAYS_SEARCH_USER_PATHS = NO;
				CLANG_ANALYZER_NONNULL = YES;
				CLANG_ANALYZER_NUMBER_OBJECT_CONVERSION = YES_AGGRESSIVE;
				CLANG_CXX_LANGUAGE_STANDARD = "gnu++14";
				CLANG_CXX_LIBRARY = "libc++";
				CLANG_ENABLE_MODULES = YES;
				CLANG_ENABLE_OBJC_ARC = YES;
				CLANG_ENABLE_OBJC_WEAK = YES;
				CLANG_WARN_BLOCK_CAPTURE_AUTORELEASING = YES;
				CLANG_WARN_BOOL_CONVERSION = YES;
				CLANG_WARN_COMMA = YES;
				CLANG_WARN_CONSTANT_CONVERSION = YES;
				CLANG_WARN_DEPRECATED_OBJC_IMPLEMENTATIONS = YES;
				CLANG_WARN_DIRECT_OBJC_ISA_USAGE = YES_ERROR;
				CLANG_WARN_DOCUMENTATION_COMMENTS = YES;
				CLANG_WARN_EMPTY_BODY = YES;
				CLANG_WARN_ENUM_CONVERSION = YES;
				CLANG_WARN_INFINITE_RECURSION = YES;
				CLANG_WARN_INT_CONVERSION = YES;
				CLANG_WARN_NON_LITERAL_NULL_CONVERSION = YES;
				CLANG_WARN_OBJC_IMPLICIT_RETAIN_SELF = YES;
				CLANG_WARN_OBJC_LITERAL_CONVERSION = YES;
				CLANG_WARN_OBJC_ROOT_CLASS = YES_ERROR;
				CLANG_WARN_QUOTED_INCLUDE_IN_FRAMEWORK_HEADER = YES;
				CLANG_WARN_RANGE_LOOP_ANALYSIS = YES;
				CLANG_WARN_STRICT_PROTOTYPES = YES;
				CLANG_WARN_SUSPICIOUS_MOVE = YES;
				CLANG_WARN_UNGUARDED_AVAILABILITY = YES_AGGRESSIVE;
				CLANG_WARN_UNREACHABLE_CODE = YES;
				CLANG_WARN__DUPLICATE_METHOD_MATCH = YES;
				COPY_PHASE_STRIP = NO;
				DEBUG_INFORMATION_FORMAT = "dwarf-with-dsym";
				ENABLE_NS_ASSERTIONS = NO;
				ENABLE_STRICT_OBJC_MSGSEND = YES;
				GCC_C_LANGUAGE_STANDARD = gnu11;
				GCC_NO_COMMON_BLOCKS = YES;
				GCC_WARN_64_TO_32_BIT_CONVERSION = YES;
				GCC_WARN_ABOUT_RETURN_TYPE = YES_ERROR;
				GCC_WARN_UNDECLARED_SELECTOR = YES;
				GCC_WARN_UNINITIALIZED_AUTOS = YES_AGGRESSIVE;
				GCC_WARN_UNUSED_FUNCTION = YES;
				GCC_WARN_UNUSED_VARIABLE = YES;
				IPHONEOS_DEPLOYMENT_TARGET = 14.2;
				MTL_ENABLE_DEBUG_INFO = NO;
				MTL_FAST_MATH = YES;
				SDKROOT = iphoneos;
				SWIFT_COMPILATION_MODE = wholemodule;
				SWIFT_OPTIMIZATION_LEVEL = "-O";
				VALIDATE_PRODUCT = YES;
			};
			name = Release;
		};
		441DCC59257BFFDD0098FA63 /* Debug */ = {
			isa = XCBuildConfiguration;
			buildSettings = {
				ASSETCATALOG_COMPILER_APPICON_NAME = AppIcon;
				ASSETCATALOG_COMPILER_GLOBAL_ACCENT_COLOR_NAME = AccentColor;
				CODE_SIGN_STYLE = Automatic;
				DEVELOPMENT_TEAM = K4T42982SQ;
				INFOPLIST_FILE = GuacChain/Info.plist;
				LD_RUNPATH_SEARCH_PATHS = (
					"$(inherited)",
					"@executable_path/Frameworks",
				);
				PRODUCT_BUNDLE_IDENTIFIER = com.josephjz.GuacChain;
				PRODUCT_NAME = "$(TARGET_NAME)";
				SWIFT_VERSION = 5.0;
				TARGETED_DEVICE_FAMILY = "1,2";
			};
			name = Debug;
		};
		441DCC5A257BFFDD0098FA63 /* Release */ = {
			isa = XCBuildConfiguration;
			buildSettings = {
				ASSETCATALOG_COMPILER_APPICON_NAME = AppIcon;
				ASSETCATALOG_COMPILER_GLOBAL_ACCENT_COLOR_NAME = AccentColor;
				CODE_SIGN_STYLE = Automatic;
				DEVELOPMENT_TEAM = K4T42982SQ;
				INFOPLIST_FILE = GuacChain/Info.plist;
				LD_RUNPATH_SEARCH_PATHS = (
					"$(inherited)",
					"@executable_path/Frameworks",
				);
				PRODUCT_BUNDLE_IDENTIFIER = com.josephjz.GuacChain;
				PRODUCT_NAME = "$(TARGET_NAME)";
				SWIFT_VERSION = 5.0;
				TARGETED_DEVICE_FAMILY = "1,2";
			};
			name = Release;
		};
/* End XCBuildConfiguration section */

/* Begin XCConfigurationList section */
		441DCC3F257BFFDC0098FA63 /* Build configuration list for PBXProject "GuacChain" */ = {
			isa = XCConfigurationList;
			buildConfigurations = (
				441DCC56257BFFDD0098FA63 /* Debug */,
				441DCC57257BFFDD0098FA63 /* Release */,
			);
			defaultConfigurationIsVisible = 0;
			defaultConfigurationName = Release;
		};
		441DCC58257BFFDD0098FA63 /* Build configuration list for PBXNativeTarget "GuacChain" */ = {
			isa = XCConfigurationList;
			buildConfigurations = (
				441DCC59257BFFDD0098FA63 /* Debug */,
				441DCC5A257BFFDD0098FA63 /* Release */,
			);
			defaultConfigurationIsVisible = 0;
			defaultConfigurationName = Release;
		};
/* End XCConfigurationList section */
	};
	rootObject = 441DCC3C257BFFDC0098FA63 /* Project object */;
}
